
Microsoft Visual Studio Solution File, Format Version 12.00
# Visual Studio Version 17
VisualStudioVersion = 17.2.32602.215
MinimumVisualStudioVersion = 10.0.40219.1
Project("{FAE04EC0-301F-11D3-BF4B-00C04F79EFBC}") = "BTLWebVeXe", "BTLWebVeXe\BTLWebVeXe.csproj", "{664FACD2-A0D4-4E63-A848-29984F1800E9}"
EndProject
Global
	GlobalSection(SolutionConfigurationPlatforms) = preSolution
		Debug|Any CPU = Debug|Any CPU
		Release|Any CPU = Release|Any CPU
	EndGlobalSection
	GlobalSection(ProjectConfigurationPlatforms) = postSolution
		{664FACD2-A0D4-4E63-A848-29984F1800E9}.Debug|Any CPU.ActiveCfg = Debug|Any CPU
		{664FACD2-A0D4-4E63-A848-29984F1800E9}.Debug|Any CPU.Build.0 = Debug|Any CPU
		{664FACD2-A0D4-4E63-A848-29984F1800E9}.Release|Any CPU.ActiveCfg = Release|Any CPU
		{664FACD2-A0D4-4E63-A848-29984F1800E9}.Release|Any CPU.Build.0 = Release|Any CPU
	EndGlobalSection
	GlobalSection(SolutionProperties) = preSolution
		HideSolutionNode = FALSE
	EndGlobalSection
	GlobalSection(ExtensibilityGlobals) = postSolution
		SolutionGuid = {2FA8D971-E508-4E79-832C-921991F20311}
	EndGlobalSection
EndGlobal
